
Microsoft Visual Studio Solution File, Format Version 12.00
# Visual Studio Version 17
VisualStudioVersion = 17.0.32014.148
MinimumVisualStudioVersion = 10.0.40219.1
Project("{FAE04EC0-301F-11D3-BF4B-00C04F79EFBC}") = "ChangeRegVal", "ChangeRegVal.csproj", "{C8FE126A-E715-426E-9338-FF3C044C1C0D}"
EndProject
Global
	GlobalSection(SolutionConfigurationPlatforms) = preSolution
		Debug|Any CPU = Debug|Any CPU
		Release|Any CPU = Release|Any CPU
	EndGlobalSection
	GlobalSection(ProjectConfigurationPlatforms) = postSolution
		{C8FE126A-E715-426E-9338-FF3C044C1C0D}.Debug|Any CPU.ActiveCfg = Debug|Any CPU
		{C8FE126A-E715-426E-9338-FF3C044C1C0D}.Debug|Any CPU.Build.0 = Debug|Any CPU
		{C8FE126A-E715-426E-9338-FF3C044C1C0D}.Release|Any CPU.ActiveCfg = Release|Any CPU
		{C8FE126A-E715-426E-9338-FF3C044C1C0D}.Release|Any CPU.Build.0 = Release|Any CPU
	EndGlobalSection
	GlobalSection(SolutionProperties) = preSolution
		HideSolutionNode = FALSE
	EndGlobalSection
	GlobalSection(ExtensibilityGlobals) = postSolution
		SolutionGuid = {1DD6D24E-3E9B-4274-8BAD-0D27FB41F40F}
	EndGlobalSection
EndGlobal
